
Microsoft Visual Studio Solution File, Format Version 12.00
# Visual Studio Version 16
VisualStudioVersion = 16.0.32602.291
MinimumVisualStudioVersion = 10.0.40219.1
Project("{FAE04EC0-301F-11D3-BF4B-00C04F79EFBC}") = "TaskforMVC", "Task for MVC\TaskforMVC.csproj", "{9334A41C-A5E2-4C5F-A483-138D2232A381}"
EndProject
Project("{FAE04EC0-301F-11D3-BF4B-00C04F79EFBC}") = "DataAccessLayer", "DataAccessLayer\DataAccessLayer.csproj", "{8E230B63-0FA2-47B4-AC33-6FC90D65A142}"
EndProject
Project("{FAE04EC0-301F-11D3-BF4B-00C04F79EFBC}") = "BusinessAccessLayer", "BusinessAccessLayer\BusinessAccessLayer.csproj", "{A899842F-FCC6-414B-9B47-18CB6ABED910}"
EndProject
Global
	GlobalSection(SolutionConfigurationPlatforms) = preSolution
		Debug|Any CPU = Debug|Any CPU
		Release|Any CPU = Release|Any CPU
	EndGlobalSection
	GlobalSection(ProjectConfigurationPlatforms) = postSolution
		{9334A41C-A5E2-4C5F-A483-138D2232A381}.Debug|Any CPU.ActiveCfg = Debug|Any CPU
		{9334A41C-A5E2-4C5F-A483-138D2232A381}.Debug|Any CPU.Build.0 = Debug|Any CPU
		{9334A41C-A5E2-4C5F-A483-138D2232A381}.Release|Any CPU.ActiveCfg = Release|Any CPU
		{9334A41C-A5E2-4C5F-A483-138D2232A381}.Release|Any CPU.Build.0 = Release|Any CPU
		{8E230B63-0FA2-47B4-AC33-6FC90D65A142}.Debug|Any CPU.ActiveCfg = Debug|Any CPU
		{8E230B63-0FA2-47B4-AC33-6FC90D65A142}.Debug|Any CPU.Build.0 = Debug|Any CPU
		{8E230B63-0FA2-47B4-AC33-6FC90D65A142}.Release|Any CPU.ActiveCfg = Release|Any CPU
		{8E230B63-0FA2-47B4-AC33-6FC90D65A142}.Release|Any CPU.Build.0 = Release|Any CPU
		{A899842F-FCC6-414B-9B47-18CB6ABED910}.Debug|Any CPU.ActiveCfg = Debug|Any CPU
		{A899842F-FCC6-414B-9B47-18CB6ABED910}.Debug|Any CPU.Build.0 = Debug|Any CPU
		{A899842F-FCC6-414B-9B47-18CB6ABED910}.Release|Any CPU.ActiveCfg = Release|Any CPU
		{A899842F-FCC6-414B-9B47-18CB6ABED910}.Release|Any CPU.Build.0 = Release|Any CPU
	EndGlobalSection
	GlobalSection(SolutionProperties) = preSolution
		HideSolutionNode = FALSE
	EndGlobalSection
	GlobalSection(ExtensibilityGlobals) = postSolution
		SolutionGuid = {BB3097F4-72ED-4461-B2EA-4BF7AB23F18D}
	EndGlobalSection
EndGlobal
